
Microsoft Visual Studio Solution File, Format Version 12.00
# Visual Studio Version 17
VisualStudioVersion = 17.8.34408.163
MinimumVisualStudioVersion = 10.0.40219.1
Project("{FAE04EC0-301F-11D3-BF4B-00C04F79EFBC}") = "Lab3 -5", "Lab3 -5\Lab3 -5.csproj", "{D91D6E0D-0323-4AE2-A2E5-5DF534866262}"
EndProject
Global
	GlobalSection(SolutionConfigurationPlatforms) = preSolution
		Debug|Any CPU = Debug|Any CPU
		Release|Any CPU = Release|Any CPU
	EndGlobalSection
	GlobalSection(ProjectConfigurationPlatforms) = postSolution
		{D91D6E0D-0323-4AE2-A2E5-5DF534866262}.Debug|Any CPU.ActiveCfg = Debug|Any CPU
		{D91D6E0D-0323-4AE2-A2E5-5DF534866262}.Debug|Any CPU.Build.0 = Debug|Any CPU
		{D91D6E0D-0323-4AE2-A2E5-5DF534866262}.Release|Any CPU.ActiveCfg = Release|Any CPU
		{D91D6E0D-0323-4AE2-A2E5-5DF534866262}.Release|Any CPU.Build.0 = Release|Any CPU
	EndGlobalSection
	GlobalSection(SolutionProperties) = preSolution
		HideSolutionNode = FALSE
	EndGlobalSection
	GlobalSection(ExtensibilityGlobals) = postSolution
		SolutionGuid = {3BDA4B29-A8A4-4934-AEA1-1232EE768987}
	EndGlobalSection
EndGlobal
