
Microsoft Visual Studio Solution File, Format Version 12.00
# Visual Studio Version 17
VisualStudioVersion = 17.8.34408.163
MinimumVisualStudioVersion = 10.0.40219.1
Project("{FAE04EC0-301F-11D3-BF4B-00C04F79EFBC}") = "Lab2", "Lab2\Lab2.csproj", "{3B984DCC-A883-48E9-BC3F-2257B3B28A92}"
EndProject
Global
	GlobalSection(SolutionConfigurationPlatforms) = preSolution
		Debug|Any CPU = Debug|Any CPU
		Release|Any CPU = Release|Any CPU
	EndGlobalSection
	GlobalSection(ProjectConfigurationPlatforms) = postSolution
		{3B984DCC-A883-48E9-BC3F-2257B3B28A92}.Debug|Any CPU.ActiveCfg = Debug|Any CPU
		{3B984DCC-A883-48E9-BC3F-2257B3B28A92}.Debug|Any CPU.Build.0 = Debug|Any CPU
		{3B984DCC-A883-48E9-BC3F-2257B3B28A92}.Release|Any CPU.ActiveCfg = Release|Any CPU
		{3B984DCC-A883-48E9-BC3F-2257B3B28A92}.Release|Any CPU.Build.0 = Release|Any CPU
	EndGlobalSection
	GlobalSection(SolutionProperties) = preSolution
		HideSolutionNode = FALSE
	EndGlobalSection
	GlobalSection(ExtensibilityGlobals) = postSolution
		SolutionGuid = {48495C06-F0BD-472B-82DF-67E3EE73174F}
	EndGlobalSection
EndGlobal
