
Microsoft Visual Studio Solution File, Format Version 12.00
# Visual Studio Version 17
VisualStudioVersion = 17.8.34408.163
MinimumVisualStudioVersion = 10.0.40219.1
Project("{FAE04EC0-301F-11D3-BF4B-00C04F79EFBC}") = "Lab3-3", "Lab3-3\Lab3-3.csproj", "{C8580C46-9049-42E7-8001-DADC16CE8F55}"
EndProject
Global
	GlobalSection(SolutionConfigurationPlatforms) = preSolution
		Debug|Any CPU = Debug|Any CPU
		Release|Any CPU = Release|Any CPU
	EndGlobalSection
	GlobalSection(ProjectConfigurationPlatforms) = postSolution
		{C8580C46-9049-42E7-8001-DADC16CE8F55}.Debug|Any CPU.ActiveCfg = Debug|Any CPU
		{C8580C46-9049-42E7-8001-DADC16CE8F55}.Debug|Any CPU.Build.0 = Debug|Any CPU
		{C8580C46-9049-42E7-8001-DADC16CE8F55}.Release|Any CPU.ActiveCfg = Release|Any CPU
		{C8580C46-9049-42E7-8001-DADC16CE8F55}.Release|Any CPU.Build.0 = Release|Any CPU
	EndGlobalSection
	GlobalSection(SolutionProperties) = preSolution
		HideSolutionNode = FALSE
	EndGlobalSection
	GlobalSection(ExtensibilityGlobals) = postSolution
		SolutionGuid = {9F2CA998-710B-4E2D-88B0-18E97198A5DD}
	EndGlobalSection
EndGlobal
